# This file was autogenerated by Stack.
# You should not edit this file by hand.
# For more information, please see the documentation at:
#   https://docs.haskellstack.org/en/stable/lock_files

packages:
- completed:
    hackage: desktop-portal-0.2.0.0@sha256:ff96bfebc204fdc9753353a106c8afd297549b4ac2f6fb7c60571c93ba5c02a9,2976
    pantry-tree:
      sha256: a195716cf0036fb9dfcba0c3f538d6c5abda6f10008f1c277232fafb16a79799
      size: 1136
  original:
    hackage: desktop-portal-0.2.0.0
- completed:
    hackage: monomer-1.5.1.0@sha256:18e3ce60c7f5d3fae74bf5ace7515f0e252b12ccc4b71030f948e6fdc1f49a99,16741
    pantry-tree:
      sha256: 3dde2b635d1298c3b734c0b28bae8fa4956bc2ad9ef89f81bbb04ec1eeb09d0c
      size: 14513
  original:
    hackage: monomer-1.5.1.0
- completed:
    hackage: monomer-hagrid-0.3.0.1@sha256:71a216fdbe4ea02012baf66522adb904be1ebdbb9cea36b009f5c1754dfb2e05,5661
    pantry-tree:
      sha256: f493f5c0263655d194b9c6549df8ff5038573be20ad04401e2f591833cc90184
      size: 658
  original:
    hackage: monomer-hagrid-0.3.0.1
snapshots:
- completed:
    sha256: 126fa33ceb11f5e85ceb4e86d434756bd9a8439e2e5776d306a15fbc63b01e89
    size: 650041
    url: https://raw.githubusercontent.com/commercialhaskell/stackage-snapshots/master/lts/20/20.yaml
  original: lts-20.20
