# This file was autogenerated by Stack.
# You should not edit this file by hand.
# For more information, please see the documentation at:
#   https://docs.haskellstack.org/en/stable/lock_files

packages:
- completed:
    hackage: desktop-portal-0.0.1.0@sha256:7bf7617d6d9e93250c96caaab53a5e14e17f601b83a877c6775b14ce2e26e8a8,2760
    pantry-tree:
      sha256: 65260b88970daab98be7710f9528283f3cfa4682be9958e1969d4561d9b8cffb
      size: 910
  original:
    hackage: desktop-portal-0.0.1.0
- completed:
    hackage: monomer-1.5.1.0@sha256:18e3ce60c7f5d3fae74bf5ace7515f0e252b12ccc4b71030f948e6fdc1f49a99,16741
    pantry-tree:
      sha256: 3dde2b635d1298c3b734c0b28bae8fa4956bc2ad9ef89f81bbb04ec1eeb09d0c
      size: 14513
  original:
    hackage: monomer-1.5.1.0
- completed:
    hackage: monomer-hagrid-0.3.0.0@sha256:19f6d3e84478d55733e976bb478a1e389e95d62093f0b9c15ead21abef4147d8,5661
    pantry-tree:
      sha256: 757ff60a9f83a9a69619997d4aee6ab5d020d14b5a7ecab46292a1e9518dfd63
      size: 658
  original:
    hackage: monomer-hagrid-0.3.0.0
snapshots:
- completed:
    sha256: 9fa4bece7acfac1fc7930c5d6e24606004b09e80aa0e52e9f68b148201008db9
    size: 649606
    url: https://raw.githubusercontent.com/commercialhaskell/stackage-snapshots/master/lts/20/18.yaml
  original: lts-20.18
